// !$*UTF8*$!
{
	archiveVersion = 1;
	classes = {
	};
	objectVersion = 46;
	objects = {

/* Begin PBXBuildFile section */
		2289131F19D839E900ADF269 /* AppDelegate.swift in Sources */ = {isa = PBXBuildFile; fileRef = 2289131E19D839E900ADF269 /* AppDelegate.swift */; };
		2289132119D839E900ADF269 /* FirstViewController.swift in Sources */ = {isa = PBXBuildFile; fileRef = 2289132019D839E900ADF269 /* FirstViewController.swift */; };
		2289132319D839E900ADF269 /* SecondViewController.swift in Sources */ = {isa = PBXBuildFile; fileRef = 2289132219D839E900ADF269 /* SecondViewController.swift */; };
		2289132619D839E900ADF269 /* Main.storyboard in Resources */ = {isa = PBXBuildFile; fileRef = 2289132419D839E900ADF269 /* Main.storyboard */; };
		2289132819D839E900ADF269 /* Images.xcassets in Resources */ = {isa = PBXBuildFile; fileRef = 2289132719D839E900ADF269 /* Images.xcassets */; };
		2289132B19D839E900ADF269 /* LaunchScreen.xib in Resources */ = {isa = PBXBuildFile; fileRef = 2289132919D839E900ADF269 /* LaunchScreen.xib */; };
		2289133719D839EA00ADF269 /* SocialViewerTests.swift in Sources */ = {isa = PBXBuildFile; fileRef = 2289133619D839EA00ADF269 /* SocialViewerTests.swift */; };
		22EF93AB19D854F400519218 /* FirstViewDetailController.swift in Sources */ = {isa = PBXBuildFile; fileRef = 22EF93AA19D854F400519218 /* FirstViewDetailController.swift */; };
/* End PBXBuildFile section */

/* Begin PBXContainerItemProxy section */
		2289133119D839EA00ADF269 /* PBXContainerItemProxy */ = {
			isa = PBXContainerItemProxy;
			containerPortal = 2289131119D839E900ADF269 /* Project object */;
			proxyType = 1;
			remoteGlobalIDString = 2289131819D839E900ADF269;
			remoteInfo = SocialViewer;
		};
/* End PBXContainerItemProxy section */

/* Begin PBXFileReference section */
		2289131919D839E900ADF269 /* SocialViewer.app */ = {isa = PBXFileReference; explicitFileType = wrapper.application; includeInIndex = 0; path = SocialViewer.app; sourceTree = BUILT_PRODUCTS_DIR; };
		2289131D19D839E900ADF269 /* Info.plist */ = {isa = PBXFileReference; lastKnownFileType = text.plist.xml; path = Info.plist; sourceTree = "<group>"; };
		2289131E19D839E900ADF269 /* AppDelegate.swift */ = {isa = PBXFileReference; lastKnownFileType = sourcecode.swift; path = AppDelegate.swift; sourceTree = "<group>"; };
		2289132019D839E900ADF269 /* FirstViewController.swift */ = {isa = PBXFileReference; lastKnownFileType = sourcecode.swift; path = FirstViewController.swift; sourceTree = "<group>"; };
		2289132219D839E900ADF269 /* SecondViewController.swift */ = {isa = PBXFileReference; lastKnownFileType = sourcecode.swift; path = SecondViewController.swift; sourceTree = "<group>"; };
		2289132519D839E900ADF269 /* Base */ = {isa = PBXFileReference; lastKnownFileType = file.storyboard; name = Base; path = Base.lproj/Main.storyboard; sourceTree = "<group>"; };
		2289132719D839E900ADF269 /* Images.xcassets */ = {isa = PBXFileReference; lastKnownFileType = folder.assetcatalog; path = Images.xcassets; sourceTree = "<group>"; };
		2289132A19D839E900ADF269 /* Base */ = {isa = PBXFileReference; lastKnownFileType = file.xib; name = Base; path = Base.lproj/LaunchScreen.xib; sourceTree = "<group>"; };
		2289133019D839E900ADF269 /* SocialViewerTests.xctest */ = {isa = PBXFileReference; explicitFileType = wrapper.cfbundle; includeInIndex = 0; path = SocialViewerTests.xctest; sourceTree = BUILT_PRODUCTS_DIR; };
		2289133519D839EA00ADF269 /* Info.plist */ = {isa = PBXFileReference; lastKnownFileType = text.plist.xml; path = Info.plist; sourceTree = "<group>"; };
		2289133619D839EA00ADF269 /* SocialViewerTests.swift */ = {isa = PBXFileReference; lastKnownFileType = sourcecode.swift; path = SocialViewerTests.swift; sourceTree = "<group>"; };
		22EF93AA19D854F400519218 /* FirstViewDetailController.swift */ = {isa = PBXFileReference; fileEncoding = 4; lastKnownFileType = sourcecode.swift; path = FirstViewDetailController.swift; sourceTree = "<group>"; };
/* End PBXFileReference section */

/* Begin PBXFrameworksBuildPhase section */
		2289131619D839E900ADF269 /* Frameworks */ = {
			isa = PBXFrameworksBuildPhase;
			buildActionMask = 2147483647;
			files = (
			);
			runOnlyForDeploymentPostprocessing = 0;
		};
		2289132D19D839E900ADF269 /* Frameworks */ = {
			isa = PBXFrameworksBuildPhase;
			buildActionMask = 2147483647;
			files = (
			);
			runOnlyForDeploymentPostprocessing = 0;
		};
/* End PBXFrameworksBuildPhase section */

/* Begin PBXGroup section */
		2289131019D839E900ADF269 = {
			isa = PBXGroup;
			children = (
				2289131B19D839E900ADF269 /* SocialViewer */,
				2289133319D839EA00ADF269 /* SocialViewerTests */,
				2289131A19D839E900ADF269 /* Products */,
			);
			sourceTree = "<group>";
		};
		2289131A19D839E900ADF269 /* Products */ = {
			isa = PBXGroup;
			children = (
				2289131919D839E900ADF269 /* SocialViewer.app */,
				2289133019D839E900ADF269 /* SocialViewerTests.xctest */,
			);
			name = Products;
			sourceTree = "<group>";
		};
		2289131B19D839E900ADF269 /* SocialViewer */ = {
			isa = PBXGroup;
			children = (
				2289131E19D839E900ADF269 /* AppDelegate.swift */,
				2289132019D839E900ADF269 /* FirstViewController.swift */,
				22EF93AA19D854F400519218 /* FirstViewDetailController.swift */,
				2289132219D839E900ADF269 /* SecondViewController.swift */,
				2289132419D839E900ADF269 /* Main.storyboard */,
				2289132719D839E900ADF269 /* Images.xcassets */,
				2289132919D839E900ADF269 /* LaunchScreen.xib */,
				2289131C19D839E900ADF269 /* Supporting Files */,
			);
			path = SocialViewer;
			sourceTree = "<group>";
		};
		2289131C19D839E900ADF269 /* Supporting Files */ = {
			isa = PBXGroup;
			children = (
				2289131D19D839E900ADF269 /* Info.plist */,
			);
			name = "Supporting Files";
			sourceTree = "<group>";
		};
		2289133319D839EA00ADF269 /* SocialViewerTests */ = {
			isa = PBXGroup;
			children = (
				2289133619D839EA00ADF269 /* SocialViewerTests.swift */,
				2289133419D839EA00ADF269 /* Supporting Files */,
			);
			path = SocialViewerTests;
			sourceTree = "<group>";
		};
		2289133419D839EA00ADF269 /* Supporting Files */ = {
			isa = PBXGroup;
			children = (
				2289133519D839EA00ADF269 /* Info.plist */,
			);
			name = "Supporting Files";
			sourceTree = "<group>";
		};
/* End PBXGroup section */

/* Begin PBXNativeTarget section */
		2289131819D839E900ADF269 /* SocialViewer */ = {
			isa = PBXNativeTarget;
			buildConfigurationList = 2289133A19D839EA00ADF269 /* Build configuration list for PBXNativeTarget "SocialViewer" */;
			buildPhases = (
				2289131519D839E900ADF269 /* Sources */,
				2289131619D839E900ADF269 /* Frameworks */,
				2289131719D839E900ADF269 /* Resources */,
			);
			buildRules = (
			);
			dependencies = (
			);
			name = SocialViewer;
			productName = SocialViewer;
			productReference = 2289131919D839E900ADF269 /* SocialViewer.app */;
			productType = "com.apple.product-type.application";
		};
		2289132F19D839E900ADF269 /* SocialViewerTests */ = {
			isa = PBXNativeTarget;
			buildConfigurationList = 2289133D19D839EA00ADF269 /* Build configuration list for PBXNativeTarget "SocialViewerTests" */;
			buildPhases = (
				2289132C19D839E900ADF269 /* Sources */,
				2289132D19D839E900ADF269 /* Frameworks */,
				2289132E19D839E900ADF269 /* Resources */,
			);
			buildRules = (
			);
			dependencies = (
				2289133219D839EA00ADF269 /* PBXTargetDependency */,
			);
			name = SocialViewerTests;
			productName = SocialViewerTests;
			productReference = 2289133019D839E900ADF269 /* SocialViewerTests.xctest */;
			productType = "com.apple.product-type.bundle.unit-test";
		};
/* End PBXNativeTarget section */

/* Begin PBXProject section */
		2289131119D839E900ADF269 /* Project object */ = {
			isa = PBXProject;
			attributes = {
				LastUpgradeCheck = 0600;
				ORGANIZATIONNAME = ssk;
				TargetAttributes = {
					2289131819D839E900ADF269 = {
						CreatedOnToolsVersion = 6.0;
					};
					2289132F19D839E900ADF269 = {
						CreatedOnToolsVersion = 6.0;
						TestTargetID = 2289131819D839E900ADF269;
					};
				};
			};
			buildConfigurationList = 2289131419D839E900ADF269 /* Build configuration list for PBXProject "SocialViewer" */;
			compatibilityVersion = "Xcode 3.2";
			developmentRegion = English;
			hasScannedForEncodings = 0;
			knownRegions = (
				en,
				Base,
			);
			mainGroup = 2289131019D839E900ADF269;
			productRefGroup = 2289131A19D839E900ADF269 /* Products */;
			projectDirPath = "";
			projectRoot = "";
			targets = (
				2289131819D839E900ADF269 /* SocialViewer */,
				2289132F19D839E900ADF269 /* SocialViewerTests */,
			);
		};
/* End PBXProject section */

/* Begin PBXResourcesBuildPhase section */
		2289131719D839E900ADF269 /* Resources */ = {
			isa = PBXResourcesBuildPhase;
			buildActionMask = 2147483647;
			files = (
				2289132619D839E900ADF269 /* Main.storyboard in Resources */,
				2289132B19D839E900ADF269 /* LaunchScreen.xib in Resources */,
				2289132819D839E900ADF269 /* Images.xcassets in Resources */,
			);
			runOnlyForDeploymentPostprocessing = 0;
		};
		2289132E19D839E900ADF269 /* Resources */ = {
			isa = PBXResourcesBuildPhase;
			buildActionMask = 2147483647;
			files = (
			);
			runOnlyForDeploymentPostprocessing = 0;
		};
/* End PBXResourcesBuildPhase section */

/* Begin PBXSourcesBuildPhase section */
		2289131519D839E900ADF269 /* Sources */ = {
			isa = PBXSourcesBuildPhase;
			buildActionMask = 2147483647;
			files = (
				2289132319D839E900ADF269 /* SecondViewController.swift in Sources */,
				2289131F19D839E900ADF269 /* AppDelegate.swift in Sources */,
				22EF93AB19D854F400519218 /* FirstViewDetailController.swift in Sources */,
				2289132119D839E900ADF269 /* FirstViewController.swift in Sources */,
			);
			runOnlyForDeploymentPostprocessing = 0;
		};
		2289132C19D839E900ADF269 /* Sources */ = {
			isa = PBXSourcesBuildPhase;
			buildActionMask = 2147483647;
			files = (
				2289133719D839EA00ADF269 /* SocialViewerTests.swift in Sources */,
			);
			runOnlyForDeploymentPostprocessing = 0;
		};
/* End PBXSourcesBuildPhase section */

/* Begin PBXTargetDependency section */
		2289133219D839EA00ADF269 /* PBXTargetDependency */ = {
			isa = PBXTargetDependency;
			target = 2289131819D839E900ADF269 /* SocialViewer */;
			targetProxy = 2289133119D839EA00ADF269 /* PBXContainerItemProxy */;
		};
/* End PBXTargetDependency section */

/* Begin PBXVariantGroup section */
		2289132419D839E900ADF269 /* Main.storyboard */ = {
			isa = PBXVariantGroup;
			children = (
				2289132519D839E900ADF269 /* Base */,
			);
			name = Main.storyboard;
			sourceTree = "<group>";
		};
		2289132919D839E900ADF269 /* LaunchScreen.xib */ = {
			isa = PBXVariantGroup;
			children = (
				2289132A19D839E900ADF269 /* Base */,
			);
			name = LaunchScreen.xib;
			sourceTree = "<group>";
		};
/* End PBXVariantGroup section */

/* Begin XCBuildConfiguration section */
		2289133819D839EA00ADF269 /* Debug */ = {
			isa = XCBuildConfiguration;
			buildSettings = {
				ALWAYS_SEARCH_USER_PATHS = NO;
				CLANG_CXX_LANGUAGE_STANDARD = "gnu++0x";
				CLANG_CXX_LIBRARY = "libc++";
				CLANG_ENABLE_MODULES = YES;
				CLANG_ENABLE_OBJC_ARC = YES;
				CLANG_WARN_BOOL_CONVERSION = YES;
				CLANG_WARN_CONSTANT_CONVERSION = YES;
				CLANG_WARN_DIRECT_OBJC_ISA_USAGE = YES_ERROR;
				CLANG_WARN_EMPTY_BODY = YES;
				CLANG_WARN_ENUM_CONVERSION = YES;
				CLANG_WARN_INT_CONVERSION = YES;
				CLANG_WARN_OBJC_ROOT_CLASS = YES_ERROR;
				CLANG_WARN_UNREACHABLE_CODE = YES;
				CLANG_WARN__DUPLICATE_METHOD_MATCH = YES;
				"CODE_SIGN_IDENTITY[sdk=iphoneos*]" = "iPhone Developer";
				COPY_PHASE_STRIP = NO;
				ENABLE_STRICT_OBJC_MSGSEND = YES;
				GCC_C_LANGUAGE_STANDARD = gnu99;
				GCC_DYNAMIC_NO_PIC = NO;
				GCC_OPTIMIZATION_LEVEL = 0;
				GCC_PREPROCESSOR_DEFINITIONS = (
					"DEBUG=1",
					"$(inherited)",
				);
				GCC_SYMBOLS_PRIVATE_EXTERN = NO;
				GCC_WARN_64_TO_32_BIT_CONVERSION = YES;
				GCC_WARN_ABOUT_RETURN_TYPE = YES_ERROR;
				GCC_WARN_UNDECLARED_SELECTOR = YES;
				GCC_WARN_UNINITIALIZED_AUTOS = YES_AGGRESSIVE;
				GCC_WARN_UNUSED_FUNCTION = YES;
				GCC_WARN_UNUSED_VARIABLE = YES;
				IPHONEOS_DEPLOYMENT_TARGET = 8.0;
				MTL_ENABLE_DEBUG_INFO = YES;
				ONLY_ACTIVE_ARCH = YES;
				SDKROOT = iphoneos;
				SWIFT_OPTIMIZATION_LEVEL = "-Onone";
			};
			name = Debug;
		};
		2289133919D839EA00ADF269 /* Release */ = {
			isa = XCBuildConfiguration;
			buildSettings = {
				ALWAYS_SEARCH_USER_PATHS = NO;
				CLANG_CXX_LANGUAGE_STANDARD = "gnu++0x";
				CLANG_CXX_LIBRARY = "libc++";
				CLANG_ENABLE_MODULES = YES;
				CLANG_ENABLE_OBJC_ARC = YES;
				CLANG_WARN_BOOL_CONVERSION = YES;
				CLANG_WARN_CONSTANT_CONVERSION = YES;
				CLANG_WARN_DIRECT_OBJC_ISA_USAGE = YES_ERROR;
				CLANG_WARN_EMPTY_BODY = YES;
				CLANG_WARN_ENUM_CONVERSION = YES;
				CLANG_WARN_INT_CONVERSION = YES;
				CLANG_WARN_OBJC_ROOT_CLASS = YES_ERROR;
				CLANG_WARN_UNREACHABLE_CODE = YES;
				CLANG_WARN__DUPLICATE_METHOD_MATCH = YES;
				"CODE_SIGN_IDENTITY[sdk=iphoneos*]" = "iPhone Developer";
				COPY_PHASE_STRIP = YES;
				ENABLE_NS_ASSERTIONS = NO;
				ENABLE_STRICT_OBJC_MSGSEND = YES;
				GCC_C_LANGUAGE_STANDARD = gnu99;
				GCC_WARN_64_TO_32_BIT_CONVERSION = YES;
				GCC_WARN_ABOUT_RETURN_TYPE = YES_ERROR;
				GCC_WARN_UNDECLARED_SELECTOR = YES;
				GCC_WARN_UNINITIALIZED_AUTOS = YES_AGGRESSIVE;
				GCC_WARN_UNUSED_FUNCTION = YES;
				GCC_WARN_UNUSED_VARIABLE = YES;
				IPHONEOS_DEPLOYMENT_TARGET = 8.0;
				MTL_ENABLE_DEBUG_INFO = NO;
				SDKROOT = iphoneos;
				VALIDATE_PRODUCT = YES;
			};
			name = Release;
		};
		2289133B19D839EA00ADF269 /* Debug */ = {
			isa = XCBuildConfiguration;
			buildSettings = {
				ASSETCATALOG_COMPILER_APPICON_NAME = AppIcon;
				INFOPLIST_FILE = SocialViewer/Info.plist;
				LD_RUNPATH_SEARCH_PATHS = "$(inherited) @executable_path/Frameworks";
				PRODUCT_NAME = "$(TARGET_NAME)";
			};
			name = Debug;
		};
		2289133C19D839EA00ADF269 /* Release */ = {
			isa = XCBuildConfiguration;
			buildSettings = {
				ASSETCATALOG_COMPILER_APPICON_NAME = AppIcon;
				INFOPLIST_FILE = SocialViewer/Info.plist;
				LD_RUNPATH_SEARCH_PATHS = "$(inherited) @executable_path/Frameworks";
				PRODUCT_NAME = "$(TARGET_NAME)";
			};
			name = Release;
		};
		2289133E19D839EA00ADF269 /* Debug */ = {
			isa = XCBuildConfiguration;
			buildSettings = {
				BUNDLE_LOADER = "$(TEST_HOST)";
				FRAMEWORK_SEARCH_PATHS = (
					"$(SDKROOT)/Developer/Library/Frameworks",
					"$(inherited)",
				);
				GCC_PREPROCESSOR_DEFINITIONS = (
					"DEBUG=1",
					"$(inherited)",
				);
				INFOPLIST_FILE = SocialViewerTests/Info.plist;
				LD_RUNPATH_SEARCH_PATHS = "$(inherited) @executable_path/Frameworks @loader_path/Frameworks";
				PRODUCT_NAME = "$(TARGET_NAME)";
				TEST_HOST = "$(BUILT_PRODUCTS_DIR)/SocialViewer.app/SocialViewer";
			};
			name = Debug;
		};
		2289133F19D839EA00ADF269 /* Release */ = {
			isa = XCBuildConfiguration;
			buildSettings = {
				BUNDLE_LOADER = "$(TEST_HOST)";
				FRAMEWORK_SEARCH_PATHS = (
					"$(SDKROOT)/Developer/Library/Frameworks",
					"$(inherited)",
				);
				INFOPLIST_FILE = SocialViewerTests/Info.plist;
				LD_RUNPATH_SEARCH_PATHS = "$(inherited) @executable_path/Frameworks @loader_path/Frameworks";
				PRODUCT_NAME = "$(TARGET_NAME)";
				TEST_HOST = "$(BUILT_PRODUCTS_DIR)/SocialViewer.app/SocialViewer";
			};
			name = Release;
		};
/* End XCBuildConfiguration section */

/* Begin XCConfigurationList section */
		2289131419D839E900ADF269 /* Build configuration list for PBXProject "SocialViewer" */ = {
			isa = XCConfigurationList;
			buildConfigurations = (
				2289133819D839EA00ADF269 /* Debug */,
				2289133919D839EA00ADF269 /* Release */,
			);
			defaultConfigurationIsVisible = 0;
			defaultConfigurationName = Release;
		};
		2289133A19D839EA00ADF269 /* Build configuration list for PBXNativeTarget "SocialViewer" */ = {
			isa = XCConfigurationList;
			buildConfigurations = (
				2289133B19D839EA00ADF269 /* Debug */,
				2289133C19D839EA00ADF269 /* Release */,
			);
			defaultConfigurationIsVisible = 0;
			defaultConfigurationName = Release;
		};
		2289133D19D839EA00ADF269 /* Build configuration list for PBXNativeTarget "SocialViewerTests" */ = {
			isa = XCConfigurationList;
			buildConfigurations = (
				2289133E19D839EA00ADF269 /* Debug */,
				2289133F19D839EA00ADF269 /* Release */,
			);
			defaultConfigurationIsVisible = 0;
			defaultConfigurationName = Release;
		};
/* End XCConfigurationList section */
	};
	rootObject = 2289131119D839E900ADF269 /* Project object */;
}
